
Microsoft Visual Studio Solution File, Format Version 12.00
# Visual Studio Version 17
VisualStudioVersion = 17.0.31903.59
MinimumVisualStudioVersion = 10.0.40219.1
Project("{FAE04EC0-301F-11D3-BF4B-00C04F79EFBC}") = "IdentityServer", "IdentityServer\IdentityServer.csproj", "{7403CFF1-A2A8-4C5A-B51E-4FCC152F677A}"
EndProject
Project("{FAE04EC0-301F-11D3-BF4B-00C04F79EFBC}") = "WebApi", "WebApi\WebApi.csproj", "{759C157D-35C2-4FB2-A83E-DCC3C751DE46}"
EndProject
Global
	GlobalSection(SolutionConfigurationPlatforms) = preSolution
		Debug|Any CPU = Debug|Any CPU
		Release|Any CPU = Release|Any CPU
	EndGlobalSection
	GlobalSection(SolutionProperties) = preSolution
		HideSolutionNode = FALSE
	EndGlobalSection
	GlobalSection(ProjectConfigurationPlatforms) = postSolution
		{7403CFF1-A2A8-4C5A-B51E-4FCC152F677A}.Debug|Any CPU.ActiveCfg = Debug|Any CPU
		{7403CFF1-A2A8-4C5A-B51E-4FCC152F677A}.Debug|Any CPU.Build.0 = Debug|Any CPU
		{7403CFF1-A2A8-4C5A-B51E-4FCC152F677A}.Release|Any CPU.ActiveCfg = Release|Any CPU
		{7403CFF1-A2A8-4C5A-B51E-4FCC152F677A}.Release|Any CPU.Build.0 = Release|Any CPU
		{759C157D-35C2-4FB2-A83E-DCC3C751DE46}.Debug|Any CPU.ActiveCfg = Debug|Any CPU
		{759C157D-35C2-4FB2-A83E-DCC3C751DE46}.Debug|Any CPU.Build.0 = Debug|Any CPU
		{759C157D-35C2-4FB2-A83E-DCC3C751DE46}.Release|Any CPU.ActiveCfg = Release|Any CPU
		{759C157D-35C2-4FB2-A83E-DCC3C751DE46}.Release|Any CPU.Build.0 = Release|Any CPU
	EndGlobalSection
	GlobalSection(NestedProjects) = preSolution
		{7403CFF1-A2A8-4C5A-B51E-4FCC152F677A} = {6C19B06C-B4B6-48A9-9C82-FE0FD608935B}
		{759C157D-35C2-4FB2-A83E-DCC3C751DE46} = {6C19B06C-B4B6-48A9-9C82-FE0FD608935B}
	EndGlobalSection
EndGlobal
